# -------------------------------------------------------------------------- #
#
# Copyright (C) 2022  Intel Corporation. All rights reserved.
# Your use of Intel Corporation's design tools, logic functions 
# and other software and tools, and any partner logic 
# functions, and any output files from any of the foregoing 
# (including device programming or simulation files), and any 
# associated documentation or information are expressly subject 
# to the terms and conditions of the Intel Program License 
# Subscription Agreement, the Intel Quartus Prime License Agreement,
# the Intel FPGA IP License Agreement, or other applicable license
# agreement, including, without limitation, that your use is for
# the sole purpose of programming logic devices manufactured by
# Intel and sold by Intel or its authorized distributors.  Please
# refer to the applicable agreement for further details, at
# https://fpgasoftware.intel.com/eula.
#
# -------------------------------------------------------------------------- #
#
# Quartus Prime
# Version 21.1.1 Build 850 06/23/2022 SJ Lite Edition
# Date created = 14:34:27  April 30, 2024
#
# -------------------------------------------------------------------------- #
#
# Notes:
#
# 1) The default values for assignments are stored in the file:
#		DE10Nano_AudioMini_System_assignment_defaults.qdf
#    If this file doesn't exist, see file:
#		assignment_defaults.qdf
#
# 2) Intel recommends that you do not modify this file. This
#    file is updated automatically by the Quartus Prime software
#    and any changes you make may be lost or overwritten.
#
# -------------------------------------------------------------------------- #



# Project-Wide Assignments
# ========================
set_global_assignment -name ORIGINAL_QUARTUS_VERSION 18.0.0
set_global_assignment -name PROJECT_CREATION_TIME_DATE "12:48:23  JUNE 27, 2018"
set_global_assignment -name LAST_QUARTUS_VERSION "21.1.1 Lite Edition"
set_global_assignment -name PROJECT_OUTPUT_DIRECTORY output_files
set_global_assignment -name VHDL_FILE ../matlab/hdl_prj/hdlsrc/convolutionPlayback/convolutionCore1.vhd
set_global_assignment -name VHDL_FILE ../matlab/hdl_prj/hdlsrc/convolutionPlayback/convolutionCore10.vhd
set_global_assignment -name VHDL_FILE ../matlab/hdl_prj/hdlsrc/convolutionPlayback/convolutionCore11.vhd
set_global_assignment -name VHDL_FILE ../matlab/hdl_prj/hdlsrc/convolutionPlayback/convolutionCore12.vhd
set_global_assignment -name VHDL_FILE ../matlab/hdl_prj/hdlsrc/convolutionPlayback/convolutionCore13.vhd
set_global_assignment -name VHDL_FILE ../matlab/hdl_prj/hdlsrc/convolutionPlayback/convolutionCore14.vhd
set_global_assignment -name VHDL_FILE ../matlab/hdl_prj/hdlsrc/convolutionPlayback/convolutionCore15.vhd
set_global_assignment -name VHDL_FILE ../matlab/hdl_prj/hdlsrc/convolutionPlayback/convolutionCore16.vhd
set_global_assignment -name VHDL_FILE ../matlab/hdl_prj/hdlsrc/convolutionPlayback/convolutionCore17.vhd
set_global_assignment -name VHDL_FILE ../matlab/hdl_prj/hdlsrc/convolutionPlayback/convolutionCore18.vhd
set_global_assignment -name VHDL_FILE ../matlab/hdl_prj/hdlsrc/convolutionPlayback/convolutionCore19.vhd
set_global_assignment -name VHDL_FILE ../matlab/hdl_prj/hdlsrc/convolutionPlayback/convolutionCore2.vhd
set_global_assignment -name VHDL_FILE ../matlab/hdl_prj/hdlsrc/convolutionPlayback/convolutionCore20.vhd
set_global_assignment -name VHDL_FILE ../matlab/hdl_prj/hdlsrc/convolutionPlayback/convolutionCore21.vhd
set_global_assignment -name VHDL_FILE ../matlab/hdl_prj/hdlsrc/convolutionPlayback/convolutionCore22.vhd
set_global_assignment -name VHDL_FILE ../matlab/hdl_prj/hdlsrc/convolutionPlayback/convolutionCore23.vhd
set_global_assignment -name VHDL_FILE ../matlab/hdl_prj/hdlsrc/convolutionPlayback/convolutionCore24.vhd
set_global_assignment -name VHDL_FILE ../matlab/hdl_prj/hdlsrc/convolutionPlayback/convolutionCore3.vhd
set_global_assignment -name VHDL_FILE ../matlab/hdl_prj/hdlsrc/convolutionPlayback/convolutionCore4.vhd
set_global_assignment -name VHDL_FILE ../matlab/hdl_prj/hdlsrc/convolutionPlayback/convolutionCore5.vhd
set_global_assignment -name VHDL_FILE ../matlab/hdl_prj/hdlsrc/convolutionPlayback/convolutionCore6.vhd
set_global_assignment -name VHDL_FILE ../matlab/hdl_prj/hdlsrc/convolutionPlayback/convolutionCore7.vhd
set_global_assignment -name VHDL_FILE ../matlab/hdl_prj/hdlsrc/convolutionPlayback/convolutionCore8.vhd
set_global_assignment -name VHDL_FILE ../matlab/hdl_prj/hdlsrc/convolutionPlayback/convolutionCore9.vhd
set_global_assignment -name VHDL_FILE ../matlab/hdl_prj/hdlsrc/convolutionPlayback/convolutionPlayback.vhd
set_global_assignment -name VHDL_FILE ../matlab/hdl_prj/hdlsrc/convolutionPlayback/convolutionPlayback_pkg.vhd
set_global_assignment -name VHDL_FILE ../matlab/hdl_prj/hdlsrc/convolutionPlayback/convolutionPlayback_tc.vhd
set_global_assignment -name VHDL_FILE ../matlab/hdl_prj/hdlsrc/convolutionPlayback/coreIndexDecoder.vhd
set_global_assignment -name VHDL_FILE ../matlab/hdl_prj/hdlsrc/convolutionPlayback/Detect_Rise_Positive.vhd
set_global_assignment -name VHDL_FILE ../matlab/hdl_prj/hdlsrc/convolutionPlayback/Detect_Rise_Positive_block.vhd
set_global_assignment -name VHDL_FILE ../matlab/hdl_prj/hdlsrc/convolutionPlayback/Detect_Rise_Positive_block1.vhd
set_global_assignment -name VHDL_FILE ../matlab/hdl_prj/hdlsrc/convolutionPlayback/Detect_Rise_Positive_block10.vhd
set_global_assignment -name VHDL_FILE ../matlab/hdl_prj/hdlsrc/convolutionPlayback/Detect_Rise_Positive_block11.vhd
set_global_assignment -name VHDL_FILE ../matlab/hdl_prj/hdlsrc/convolutionPlayback/Detect_Rise_Positive_block12.vhd
set_global_assignment -name VHDL_FILE ../matlab/hdl_prj/hdlsrc/convolutionPlayback/Detect_Rise_Positive_block13.vhd
set_global_assignment -name VHDL_FILE ../matlab/hdl_prj/hdlsrc/convolutionPlayback/Detect_Rise_Positive_block14.vhd
set_global_assignment -name VHDL_FILE ../matlab/hdl_prj/hdlsrc/convolutionPlayback/Detect_Rise_Positive_block15.vhd
set_global_assignment -name VHDL_FILE ../matlab/hdl_prj/hdlsrc/convolutionPlayback/Detect_Rise_Positive_block16.vhd
set_global_assignment -name VHDL_FILE ../matlab/hdl_prj/hdlsrc/convolutionPlayback/Detect_Rise_Positive_block17.vhd
set_global_assignment -name VHDL_FILE ../matlab/hdl_prj/hdlsrc/convolutionPlayback/Detect_Rise_Positive_block18.vhd
set_global_assignment -name VHDL_FILE ../matlab/hdl_prj/hdlsrc/convolutionPlayback/Detect_Rise_Positive_block19.vhd
set_global_assignment -name VHDL_FILE ../matlab/hdl_prj/hdlsrc/convolutionPlayback/Detect_Rise_Positive_block2.vhd
set_global_assignment -name VHDL_FILE ../matlab/hdl_prj/hdlsrc/convolutionPlayback/Detect_Rise_Positive_block20.vhd
set_global_assignment -name VHDL_FILE ../matlab/hdl_prj/hdlsrc/convolutionPlayback/Detect_Rise_Positive_block21.vhd
set_global_assignment -name VHDL_FILE ../matlab/hdl_prj/hdlsrc/convolutionPlayback/Detect_Rise_Positive_block22.vhd
set_global_assignment -name VHDL_FILE ../matlab/hdl_prj/hdlsrc/convolutionPlayback/Detect_Rise_Positive_block23.vhd
set_global_assignment -name VHDL_FILE ../matlab/hdl_prj/hdlsrc/convolutionPlayback/Detect_Rise_Positive_block3.vhd
set_global_assignment -name VHDL_FILE ../matlab/hdl_prj/hdlsrc/convolutionPlayback/Detect_Rise_Positive_block4.vhd
set_global_assignment -name VHDL_FILE ../matlab/hdl_prj/hdlsrc/convolutionPlayback/Detect_Rise_Positive_block5.vhd
set_global_assignment -name VHDL_FILE ../matlab/hdl_prj/hdlsrc/convolutionPlayback/Detect_Rise_Positive_block6.vhd
set_global_assignment -name VHDL_FILE ../matlab/hdl_prj/hdlsrc/convolutionPlayback/Detect_Rise_Positive_block7.vhd
set_global_assignment -name VHDL_FILE ../matlab/hdl_prj/hdlsrc/convolutionPlayback/Detect_Rise_Positive_block8.vhd
set_global_assignment -name VHDL_FILE ../matlab/hdl_prj/hdlsrc/convolutionPlayback/Detect_Rise_Positive_block9.vhd
set_global_assignment -name VHDL_FILE ../matlab/hdl_prj/hdlsrc/convolutionPlayback/div_by_constant.vhd
set_global_assignment -name VHDL_FILE ../matlab/hdl_prj/hdlsrc/convolutionPlayback/DualPortRAM_generic.vhd
set_global_assignment -name VHDL_FILE ../matlab/hdl_prj/hdlsrc/convolutionPlayback/Positive_rsvd.vhd
set_global_assignment -name VHDL_FILE ../matlab/hdl_prj/hdlsrc/convolutionPlayback/Positive_rsvd_block.vhd
set_global_assignment -name VHDL_FILE ../matlab/hdl_prj/hdlsrc/convolutionPlayback/Positive_rsvd_block1.vhd
set_global_assignment -name VHDL_FILE ../matlab/hdl_prj/hdlsrc/convolutionPlayback/Positive_rsvd_block10.vhd
set_global_assignment -name VHDL_FILE ../matlab/hdl_prj/hdlsrc/convolutionPlayback/Positive_rsvd_block11.vhd
set_global_assignment -name VHDL_FILE ../matlab/hdl_prj/hdlsrc/convolutionPlayback/Positive_rsvd_block12.vhd
set_global_assignment -name VHDL_FILE ../matlab/hdl_prj/hdlsrc/convolutionPlayback/Positive_rsvd_block13.vhd
set_global_assignment -name VHDL_FILE ../matlab/hdl_prj/hdlsrc/convolutionPlayback/Positive_rsvd_block14.vhd
set_global_assignment -name VHDL_FILE ../matlab/hdl_prj/hdlsrc/convolutionPlayback/Positive_rsvd_block15.vhd
set_global_assignment -name VHDL_FILE ../matlab/hdl_prj/hdlsrc/convolutionPlayback/Positive_rsvd_block16.vhd
set_global_assignment -name VHDL_FILE ../matlab/hdl_prj/hdlsrc/convolutionPlayback/Positive_rsvd_block17.vhd
set_global_assignment -name VHDL_FILE ../matlab/hdl_prj/hdlsrc/convolutionPlayback/Positive_rsvd_block18.vhd
set_global_assignment -name VHDL_FILE ../matlab/hdl_prj/hdlsrc/convolutionPlayback/Positive_rsvd_block19.vhd
set_global_assignment -name VHDL_FILE ../matlab/hdl_prj/hdlsrc/convolutionPlayback/Positive_rsvd_block2.vhd
set_global_assignment -name VHDL_FILE ../matlab/hdl_prj/hdlsrc/convolutionPlayback/Positive_rsvd_block20.vhd
set_global_assignment -name VHDL_FILE ../matlab/hdl_prj/hdlsrc/convolutionPlayback/Positive_rsvd_block21.vhd
set_global_assignment -name VHDL_FILE ../matlab/hdl_prj/hdlsrc/convolutionPlayback/Positive_rsvd_block22.vhd
set_global_assignment -name VHDL_FILE ../matlab/hdl_prj/hdlsrc/convolutionPlayback/Positive_rsvd_block23.vhd
set_global_assignment -name VHDL_FILE ../matlab/hdl_prj/hdlsrc/convolutionPlayback/Positive_rsvd_block3.vhd
set_global_assignment -name VHDL_FILE ../matlab/hdl_prj/hdlsrc/convolutionPlayback/Positive_rsvd_block4.vhd
set_global_assignment -name VHDL_FILE ../matlab/hdl_prj/hdlsrc/convolutionPlayback/Positive_rsvd_block5.vhd
set_global_assignment -name VHDL_FILE ../matlab/hdl_prj/hdlsrc/convolutionPlayback/Positive_rsvd_block6.vhd
set_global_assignment -name VHDL_FILE ../matlab/hdl_prj/hdlsrc/convolutionPlayback/Positive_rsvd_block7.vhd
set_global_assignment -name VHDL_FILE ../matlab/hdl_prj/hdlsrc/convolutionPlayback/Positive_rsvd_block8.vhd
set_global_assignment -name VHDL_FILE ../matlab/hdl_prj/hdlsrc/convolutionPlayback/Positive_rsvd_block9.vhd
set_global_assignment -name VHDL_FILE ../matlab/hdl_prj/hdlsrc/convolutionPlayback/recordingConvolver.vhd
set_global_assignment -name VHDL_FILE ../matlab/hdl_prj/hdlsrc/convolutionPlayback/S_R_Flip_Flop.vhd
set_global_assignment -name VHDL_FILE ../matlab/hdl_prj/hdlsrc/convolutionPlayback/S_R_Flip_Flop_block.vhd
set_global_assignment -name VHDL_FILE ../matlab/hdl_prj/hdlsrc/convolutionPlayback/S_R_Flip_Flop_block1.vhd
set_global_assignment -name VHDL_FILE ../matlab/hdl_prj/hdlsrc/convolutionPlayback/S_R_Flip_Flop_block10.vhd
set_global_assignment -name VHDL_FILE ../matlab/hdl_prj/hdlsrc/convolutionPlayback/S_R_Flip_Flop_block11.vhd
set_global_assignment -name VHDL_FILE ../matlab/hdl_prj/hdlsrc/convolutionPlayback/S_R_Flip_Flop_block12.vhd
set_global_assignment -name VHDL_FILE ../matlab/hdl_prj/hdlsrc/convolutionPlayback/S_R_Flip_Flop_block13.vhd
set_global_assignment -name VHDL_FILE ../matlab/hdl_prj/hdlsrc/convolutionPlayback/S_R_Flip_Flop_block14.vhd
set_global_assignment -name VHDL_FILE ../matlab/hdl_prj/hdlsrc/convolutionPlayback/S_R_Flip_Flop_block15.vhd
set_global_assignment -name VHDL_FILE ../matlab/hdl_prj/hdlsrc/convolutionPlayback/S_R_Flip_Flop_block16.vhd
set_global_assignment -name VHDL_FILE ../matlab/hdl_prj/hdlsrc/convolutionPlayback/S_R_Flip_Flop_block17.vhd
set_global_assignment -name VHDL_FILE ../matlab/hdl_prj/hdlsrc/convolutionPlayback/S_R_Flip_Flop_block18.vhd
set_global_assignment -name VHDL_FILE ../matlab/hdl_prj/hdlsrc/convolutionPlayback/S_R_Flip_Flop_block19.vhd
set_global_assignment -name VHDL_FILE ../matlab/hdl_prj/hdlsrc/convolutionPlayback/S_R_Flip_Flop_block2.vhd
set_global_assignment -name VHDL_FILE ../matlab/hdl_prj/hdlsrc/convolutionPlayback/S_R_Flip_Flop_block20.vhd
set_global_assignment -name VHDL_FILE ../matlab/hdl_prj/hdlsrc/convolutionPlayback/S_R_Flip_Flop_block21.vhd
set_global_assignment -name VHDL_FILE ../matlab/hdl_prj/hdlsrc/convolutionPlayback/S_R_Flip_Flop_block22.vhd
set_global_assignment -name VHDL_FILE ../matlab/hdl_prj/hdlsrc/convolutionPlayback/S_R_Flip_Flop_block3.vhd
set_global_assignment -name VHDL_FILE ../matlab/hdl_prj/hdlsrc/convolutionPlayback/S_R_Flip_Flop_block4.vhd
set_global_assignment -name VHDL_FILE ../matlab/hdl_prj/hdlsrc/convolutionPlayback/S_R_Flip_Flop_block5.vhd
set_global_assignment -name VHDL_FILE ../matlab/hdl_prj/hdlsrc/convolutionPlayback/S_R_Flip_Flop_block6.vhd
set_global_assignment -name VHDL_FILE ../matlab/hdl_prj/hdlsrc/convolutionPlayback/S_R_Flip_Flop_block7.vhd
set_global_assignment -name VHDL_FILE ../matlab/hdl_prj/hdlsrc/convolutionPlayback/S_R_Flip_Flop_block8.vhd
set_global_assignment -name VHDL_FILE ../matlab/hdl_prj/hdlsrc/convolutionPlayback/S_R_Flip_Flop_block9.vhd
set_global_assignment -name VHDL_FILE ../matlab/hdl_prj/hdlsrc/convolutionPlayback/wetDryMixer.vhd
set_global_assignment -name VHDL_FILE common/lr2ast.vhd
set_global_assignment -name VHDL_FILE common/ast2lr.vhd
set_global_assignment -name VHDL_FILE common/common.vhd
set_global_assignment -name VHDL_FILE common/delay_signal.vhd
set_global_assignment -name VHDL_FILE DE10Nano_AudioMini_System.vhd
set_global_assignment -name SDC_FILE DE10Nano_AudioMini_System.sdc
set_global_assignment -name QIP_FILE soc_system/synthesis/soc_system.qip
set_global_assignment -name QIP_FILE common/parallel2serial_32.qip
set_global_assignment -name QIP_FILE common/serial2parallel_32.qip

# Pin & Location Assignments
# ==========================
set_location_assignment PIN_U9 -to ADC_CONVST
set_location_assignment PIN_V10 -to ADC_SCK
set_location_assignment PIN_AC4 -to ADC_SDI
set_location_assignment PIN_AD4 -to ADC_SDO
set_location_assignment PIN_AG13 -to ARDUINO_IO[0]
set_location_assignment PIN_AF13 -to ARDUINO_IO[1]
set_location_assignment PIN_AG10 -to ARDUINO_IO[2]
set_location_assignment PIN_AG9 -to ARDUINO_IO[3]
set_location_assignment PIN_U14 -to ARDUINO_IO[4]
set_location_assignment PIN_U13 -to ARDUINO_IO[5]
set_location_assignment PIN_AG8 -to ARDUINO_IO[6]
set_location_assignment PIN_AH8 -to ARDUINO_IO[7]
set_location_assignment PIN_AF17 -to ARDUINO_IO[8]
set_location_assignment PIN_AE15 -to ARDUINO_IO[9]
set_location_assignment PIN_AF15 -to ARDUINO_IO[10]
set_location_assignment PIN_AG16 -to ARDUINO_IO[11]
set_location_assignment PIN_AH11 -to ARDUINO_IO[12]
set_location_assignment PIN_AH12 -to ARDUINO_IO[13]
set_location_assignment PIN_AH9 -to ARDUINO_IO[14]
set_location_assignment PIN_AG11 -to ARDUINO_IO[15]
set_location_assignment PIN_AH7 -to ARDUINO_RESET_N
set_location_assignment PIN_V11 -to FPGA_CLK1_50
set_location_assignment PIN_Y13 -to FPGA_CLK2_50
set_location_assignment PIN_E11 -to FPGA_CLK3_50
set_location_assignment PIN_AH17 -to KEY[0]
set_location_assignment PIN_AH16 -to KEY[1]
set_location_assignment PIN_W15 -to LED[0]
set_location_assignment PIN_AA24 -to LED[1]
set_location_assignment PIN_V16 -to LED[2]
set_location_assignment PIN_V15 -to LED[3]
set_location_assignment PIN_AF26 -to LED[4]
set_location_assignment PIN_AE26 -to LED[5]
set_location_assignment PIN_Y24 -to SW[0]
set_location_assignment PIN_W24 -to SW[1]
set_location_assignment PIN_W21 -to SW[2]
set_location_assignment PIN_W20 -to SW[3]
set_location_assignment PIN_Y16 -to LED[6]
set_location_assignment PIN_AA23 -to LED[7]
set_location_assignment PIN_Y15 -to AD1939_MCLK
set_location_assignment PIN_AH22 -to AD1939_RST_CODEC_n
set_location_assignment PIN_AG28 -to AD1939_spi_CCLK
set_location_assignment PIN_AF28 -to AD1939_spi_CLATCH_n
set_location_assignment PIN_AF27 -to AD1939_spi_CIN
set_location_assignment PIN_AE25 -to AD1939_spi_COUT
set_location_assignment PIN_AA15 -to AD1939_ADC_ABCLK
set_location_assignment PIN_AG26 -to AD1939_ADC_ALRCLK
set_location_assignment PIN_AG25 -to AD1939_ADC_ASDATA2
set_location_assignment PIN_AH24 -to AD1939_DAC_DBCLK
set_location_assignment PIN_AF25 -to AD1939_DAC_DLRCLK
set_location_assignment PIN_AF23 -to AD1939_DAC_DSDATA1
set_location_assignment PIN_AD26 -to TPA6130_i2c_SDA
set_location_assignment PIN_AC24 -to TPA6130_i2c_SCL
set_location_assignment PIN_AH27 -to TPA6130_power_off
set_location_assignment PIN_C12 -to INMP621_mic_CLK
set_location_assignment PIN_AD17 -to INMP621_mic_DATA
set_location_assignment PIN_AE19 -to Audio_Mini_LEDs[0]
set_location_assignment PIN_AG15 -to Audio_Mini_LEDs[1]
set_location_assignment PIN_AF18 -to Audio_Mini_LEDs[2]
set_location_assignment PIN_AG18 -to Audio_Mini_LEDs[3]
set_location_assignment PIN_AE17 -to Audio_Mini_SWITCHES[0]
set_location_assignment PIN_AE20 -to Audio_Mini_SWITCHES[1]
set_location_assignment PIN_AF20 -to Audio_Mini_SWITCHES[2]
set_location_assignment PIN_AH18 -to Audio_Mini_SWITCHES[3]

# Classic Timing Assignments
# ==========================
set_global_assignment -name MIN_CORE_JUNCTION_TEMP "-40"
set_global_assignment -name MAX_CORE_JUNCTION_TEMP 100

# Analysis & Synthesis Assignments
# ================================
set_global_assignment -name FAMILY "Cyclone V"
set_global_assignment -name SEARCH_PATH ../../component_library/serdes
set_global_assignment -name VHDL_INPUT_VERSION VHDL_2008
set_global_assignment -name VHDL_SHOW_LMF_MAPPING_MESSAGES OFF
set_global_assignment -name TOP_LEVEL_ENTITY DE10Nano_AudioMini_System

# Fitter Assignments
# ==================
set_global_assignment -name DEVICE 5CSEBA6U23I7
set_global_assignment -name ERROR_CHECK_FREQUENCY_DIVISOR 256

# Signal Tap Assignments
# ======================
set_global_assignment -name ENABLE_SIGNALTAP OFF

# Power Estimation Assignments
# ============================
set_global_assignment -name POWER_PRESET_COOLING_SOLUTION "23 MM HEAT SINK WITH 200 LFPM AIRFLOW"
set_global_assignment -name POWER_BOARD_THERMAL_MODEL "NONE (CONSERVATIVE)"

# ---------------------------------------
# start ENTITY(DE10Nano_AudioMini_System)

	# Classic Timing Assignments
	# ==========================
	set_instance_assignment -name PACKAGE_SKEW_COMPENSATION OFF -to HPS_DDR3_DQ[0]
	set_instance_assignment -name PACKAGE_SKEW_COMPENSATION OFF -to HPS_DDR3_DQ[1]
	set_instance_assignment -name PACKAGE_SKEW_COMPENSATION OFF -to HPS_DDR3_DQ[2]
	set_instance_assignment -name PACKAGE_SKEW_COMPENSATION OFF -to HPS_DDR3_DQ[3]
	set_instance_assignment -name PACKAGE_SKEW_COMPENSATION OFF -to HPS_DDR3_DQ[4]
	set_instance_assignment -name PACKAGE_SKEW_COMPENSATION OFF -to HPS_DDR3_DQ[5]
	set_instance_assignment -name PACKAGE_SKEW_COMPENSATION OFF -to HPS_DDR3_DQ[6]
	set_instance_assignment -name PACKAGE_SKEW_COMPENSATION OFF -to HPS_DDR3_DQ[7]
	set_instance_assignment -name PACKAGE_SKEW_COMPENSATION OFF -to HPS_DDR3_DQ[8]
	set_instance_assignment -name PACKAGE_SKEW_COMPENSATION OFF -to HPS_DDR3_DQ[9]
	set_instance_assignment -name PACKAGE_SKEW_COMPENSATION OFF -to HPS_DDR3_DQ[10]
	set_instance_assignment -name PACKAGE_SKEW_COMPENSATION OFF -to HPS_DDR3_DQ[11]
	set_instance_assignment -name PACKAGE_SKEW_COMPENSATION OFF -to HPS_DDR3_DQ[12]
	set_instance_assignment -name PACKAGE_SKEW_COMPENSATION OFF -to HPS_DDR3_DQ[13]
	set_instance_assignment -name PACKAGE_SKEW_COMPENSATION OFF -to HPS_DDR3_DQ[14]
	set_instance_assignment -name PACKAGE_SKEW_COMPENSATION OFF -to HPS_DDR3_DQ[15]
	set_instance_assignment -name PACKAGE_SKEW_COMPENSATION OFF -to HPS_DDR3_DQ[16]
	set_instance_assignment -name PACKAGE_SKEW_COMPENSATION OFF -to HPS_DDR3_DQ[17]
	set_instance_assignment -name PACKAGE_SKEW_COMPENSATION OFF -to HPS_DDR3_DQ[18]
	set_instance_assignment -name PACKAGE_SKEW_COMPENSATION OFF -to HPS_DDR3_DQ[19]
	set_instance_assignment -name PACKAGE_SKEW_COMPENSATION OFF -to HPS_DDR3_DQ[20]
	set_instance_assignment -name PACKAGE_SKEW_COMPENSATION OFF -to HPS_DDR3_DQ[21]
	set_instance_assignment -name PACKAGE_SKEW_COMPENSATION OFF -to HPS_DDR3_DQ[22]
	set_instance_assignment -name PACKAGE_SKEW_COMPENSATION OFF -to HPS_DDR3_DQ[23]
	set_instance_assignment -name PACKAGE_SKEW_COMPENSATION OFF -to HPS_DDR3_DQ[24]
	set_instance_assignment -name PACKAGE_SKEW_COMPENSATION OFF -to HPS_DDR3_DQ[25]
	set_instance_assignment -name PACKAGE_SKEW_COMPENSATION OFF -to HPS_DDR3_DQ[26]
	set_instance_assignment -name PACKAGE_SKEW_COMPENSATION OFF -to HPS_DDR3_DQ[27]
	set_instance_assignment -name PACKAGE_SKEW_COMPENSATION OFF -to HPS_DDR3_DQ[28]
	set_instance_assignment -name PACKAGE_SKEW_COMPENSATION OFF -to HPS_DDR3_DQ[29]
	set_instance_assignment -name PACKAGE_SKEW_COMPENSATION OFF -to HPS_DDR3_DQ[30]
	set_instance_assignment -name PACKAGE_SKEW_COMPENSATION OFF -to HPS_DDR3_DQ[31]
	set_instance_assignment -name PACKAGE_SKEW_COMPENSATION OFF -to HPS_DDR3_DM[0]
	set_instance_assignment -name PACKAGE_SKEW_COMPENSATION OFF -to HPS_DDR3_DM[1]
	set_instance_assignment -name PACKAGE_SKEW_COMPENSATION OFF -to HPS_DDR3_DM[2]
	set_instance_assignment -name PACKAGE_SKEW_COMPENSATION OFF -to HPS_DDR3_DM[3]
	set_instance_assignment -name PACKAGE_SKEW_COMPENSATION OFF -to HPS_DDR3_DQS_P[0]
	set_instance_assignment -name PACKAGE_SKEW_COMPENSATION OFF -to HPS_DDR3_DQS_P[1]
	set_instance_assignment -name PACKAGE_SKEW_COMPENSATION OFF -to HPS_DDR3_DQS_P[2]
	set_instance_assignment -name PACKAGE_SKEW_COMPENSATION OFF -to HPS_DDR3_DQS_P[3]
	set_instance_assignment -name PACKAGE_SKEW_COMPENSATION OFF -to HPS_DDR3_DQS_N[0]
	set_instance_assignment -name PACKAGE_SKEW_COMPENSATION OFF -to HPS_DDR3_DQS_N[1]
	set_instance_assignment -name PACKAGE_SKEW_COMPENSATION OFF -to HPS_DDR3_DQS_N[2]
	set_instance_assignment -name PACKAGE_SKEW_COMPENSATION OFF -to HPS_DDR3_DQS_N[3]
	set_instance_assignment -name PACKAGE_SKEW_COMPENSATION OFF -to HPS_DDR3_ADDR[0]
	set_instance_assignment -name PACKAGE_SKEW_COMPENSATION OFF -to HPS_DDR3_ADDR[10]
	set_instance_assignment -name PACKAGE_SKEW_COMPENSATION OFF -to HPS_DDR3_ADDR[11]
	set_instance_assignment -name PACKAGE_SKEW_COMPENSATION OFF -to HPS_DDR3_ADDR[12]
	set_instance_assignment -name PACKAGE_SKEW_COMPENSATION OFF -to HPS_DDR3_ADDR[13]
	set_instance_assignment -name PACKAGE_SKEW_COMPENSATION OFF -to HPS_DDR3_ADDR[14]
	set_instance_assignment -name PACKAGE_SKEW_COMPENSATION OFF -to HPS_DDR3_ADDR[1]
	set_instance_assignment -name PACKAGE_SKEW_COMPENSATION OFF -to HPS_DDR3_ADDR[2]
	set_instance_assignment -name PACKAGE_SKEW_COMPENSATION OFF -to HPS_DDR3_ADDR[3]
	set_instance_assignment -name PACKAGE_SKEW_COMPENSATION OFF -to HPS_DDR3_ADDR[4]
	set_instance_assignment -name PACKAGE_SKEW_COMPENSATION OFF -to HPS_DDR3_ADDR[5]
	set_instance_assignment -name PACKAGE_SKEW_COMPENSATION OFF -to HPS_DDR3_ADDR[6]
	set_instance_assignment -name PACKAGE_SKEW_COMPENSATION OFF -to HPS_DDR3_ADDR[7]
	set_instance_assignment -name PACKAGE_SKEW_COMPENSATION OFF -to HPS_DDR3_ADDR[8]
	set_instance_assignment -name PACKAGE_SKEW_COMPENSATION OFF -to HPS_DDR3_ADDR[9]
	set_instance_assignment -name PACKAGE_SKEW_COMPENSATION OFF -to HPS_DDR3_BA[0]
	set_instance_assignment -name PACKAGE_SKEW_COMPENSATION OFF -to HPS_DDR3_BA[1]
	set_instance_assignment -name PACKAGE_SKEW_COMPENSATION OFF -to HPS_DDR3_BA[2]
	set_instance_assignment -name PACKAGE_SKEW_COMPENSATION OFF -to HPS_DDR3_CAS_N
	set_instance_assignment -name PACKAGE_SKEW_COMPENSATION OFF -to HPS_DDR3_CKE
	set_instance_assignment -name PACKAGE_SKEW_COMPENSATION OFF -to HPS_DDR3_CS_N
	set_instance_assignment -name PACKAGE_SKEW_COMPENSATION OFF -to HPS_DDR3_ODT
	set_instance_assignment -name PACKAGE_SKEW_COMPENSATION OFF -to HPS_DDR3_RAS_N
	set_instance_assignment -name PACKAGE_SKEW_COMPENSATION OFF -to HPS_DDR3_WE_N
	set_instance_assignment -name PACKAGE_SKEW_COMPENSATION OFF -to HPS_DDR3_RESET_N
	set_instance_assignment -name PACKAGE_SKEW_COMPENSATION OFF -to HPS_DDR3_CK_P
	set_instance_assignment -name PACKAGE_SKEW_COMPENSATION OFF -to HPS_DDR3_CK_N

	# Fitter Assignments
	# ==================
	set_instance_assignment -name IO_STANDARD "3.3-V LVTTL" -to ADC_CONVST
	set_instance_assignment -name IO_STANDARD "3.3-V LVTTL" -to ADC_SCK
	set_instance_assignment -name IO_STANDARD "3.3-V LVTTL" -to ADC_SDI
	set_instance_assignment -name IO_STANDARD "3.3-V LVTTL" -to ADC_SDO
	set_instance_assignment -name IO_STANDARD "3.3-V LVTTL" -to ARDUINO_IO[0]
	set_instance_assignment -name IO_STANDARD "3.3-V LVTTL" -to ARDUINO_IO[1]
	set_instance_assignment -name IO_STANDARD "3.3-V LVTTL" -to ARDUINO_IO[2]
	set_instance_assignment -name IO_STANDARD "3.3-V LVTTL" -to ARDUINO_IO[3]
	set_instance_assignment -name IO_STANDARD "3.3-V LVTTL" -to ARDUINO_IO[4]
	set_instance_assignment -name IO_STANDARD "3.3-V LVTTL" -to ARDUINO_IO[5]
	set_instance_assignment -name IO_STANDARD "3.3-V LVTTL" -to ARDUINO_IO[6]
	set_instance_assignment -name IO_STANDARD "3.3-V LVTTL" -to ARDUINO_IO[7]
	set_instance_assignment -name IO_STANDARD "3.3-V LVTTL" -to ARDUINO_IO[8]
	set_instance_assignment -name IO_STANDARD "3.3-V LVTTL" -to ARDUINO_IO[9]
	set_instance_assignment -name IO_STANDARD "3.3-V LVTTL" -to ARDUINO_IO[10]
	set_instance_assignment -name IO_STANDARD "3.3-V LVTTL" -to ARDUINO_IO[11]
	set_instance_assignment -name IO_STANDARD "3.3-V LVTTL" -to ARDUINO_IO[12]
	set_instance_assignment -name IO_STANDARD "3.3-V LVTTL" -to ARDUINO_IO[13]
	set_instance_assignment -name IO_STANDARD "3.3-V LVTTL" -to ARDUINO_IO[14]
	set_instance_assignment -name IO_STANDARD "3.3-V LVTTL" -to ARDUINO_IO[15]
	set_instance_assignment -name IO_STANDARD "3.3-V LVTTL" -to ARDUINO_RESET_N
	set_instance_assignment -name IO_STANDARD "3.3-V LVTTL" -to FPGA_CLK1_50
	set_instance_assignment -name IO_STANDARD "3.3-V LVTTL" -to FPGA_CLK2_50
	set_instance_assignment -name IO_STANDARD "3.3-V LVTTL" -to FPGA_CLK3_50
	set_instance_assignment -name IO_STANDARD "3.3-V LVTTL" -to HPS_CONV_USB_N
	set_instance_assignment -name IO_STANDARD "SSTL-15 CLASS I" -to HPS_DDR3_ADDR[0]
	set_instance_assignment -name IO_STANDARD "SSTL-15 CLASS I" -to HPS_DDR3_ADDR[1]
	set_instance_assignment -name IO_STANDARD "SSTL-15 CLASS I" -to HPS_DDR3_ADDR[2]
	set_instance_assignment -name IO_STANDARD "SSTL-15 CLASS I" -to HPS_DDR3_ADDR[3]
	set_instance_assignment -name IO_STANDARD "SSTL-15 CLASS I" -to HPS_DDR3_ADDR[4]
	set_instance_assignment -name IO_STANDARD "SSTL-15 CLASS I" -to HPS_DDR3_ADDR[5]
	set_instance_assignment -name IO_STANDARD "SSTL-15 CLASS I" -to HPS_DDR3_ADDR[6]
	set_instance_assignment -name IO_STANDARD "SSTL-15 CLASS I" -to HPS_DDR3_ADDR[7]
	set_instance_assignment -name IO_STANDARD "SSTL-15 CLASS I" -to HPS_DDR3_ADDR[8]
	set_instance_assignment -name IO_STANDARD "SSTL-15 CLASS I" -to HPS_DDR3_ADDR[9]
	set_instance_assignment -name IO_STANDARD "SSTL-15 CLASS I" -to HPS_DDR3_ADDR[10]
	set_instance_assignment -name IO_STANDARD "SSTL-15 CLASS I" -to HPS_DDR3_ADDR[11]
	set_instance_assignment -name IO_STANDARD "SSTL-15 CLASS I" -to HPS_DDR3_ADDR[12]
	set_instance_assignment -name IO_STANDARD "SSTL-15 CLASS I" -to HPS_DDR3_ADDR[13]
	set_instance_assignment -name IO_STANDARD "SSTL-15 CLASS I" -to HPS_DDR3_ADDR[14]
	set_instance_assignment -name IO_STANDARD "SSTL-15 CLASS I" -to HPS_DDR3_BA[0]
	set_instance_assignment -name IO_STANDARD "SSTL-15 CLASS I" -to HPS_DDR3_BA[1]
	set_instance_assignment -name IO_STANDARD "SSTL-15 CLASS I" -to HPS_DDR3_BA[2]
	set_instance_assignment -name IO_STANDARD "SSTL-15 CLASS I" -to HPS_DDR3_CAS_N
	set_instance_assignment -name IO_STANDARD "SSTL-15 CLASS I" -to HPS_DDR3_CKE
	set_instance_assignment -name IO_STANDARD "DIFFERENTIAL 1.5-V SSTL CLASS I" -to HPS_DDR3_CK_N
	set_instance_assignment -name IO_STANDARD "DIFFERENTIAL 1.5-V SSTL CLASS I" -to HPS_DDR3_CK_P
	set_instance_assignment -name IO_STANDARD "SSTL-15 CLASS I" -to HPS_DDR3_CS_N
	set_instance_assignment -name IO_STANDARD "SSTL-15 CLASS I" -to HPS_DDR3_DM[0]
	set_instance_assignment -name IO_STANDARD "SSTL-15 CLASS I" -to HPS_DDR3_DM[1]
	set_instance_assignment -name IO_STANDARD "SSTL-15 CLASS I" -to HPS_DDR3_DM[2]
	set_instance_assignment -name IO_STANDARD "SSTL-15 CLASS I" -to HPS_DDR3_DM[3]
	set_instance_assignment -name IO_STANDARD "SSTL-15 CLASS I" -to HPS_DDR3_DQ[0]
	set_instance_assignment -name IO_STANDARD "SSTL-15 CLASS I" -to HPS_DDR3_DQ[1]
	set_instance_assignment -name IO_STANDARD "SSTL-15 CLASS I" -to HPS_DDR3_DQ[2]
	set_instance_assignment -name IO_STANDARD "SSTL-15 CLASS I" -to HPS_DDR3_DQ[3]
	set_instance_assignment -name IO_STANDARD "SSTL-15 CLASS I" -to HPS_DDR3_DQ[4]
	set_instance_assignment -name IO_STANDARD "SSTL-15 CLASS I" -to HPS_DDR3_DQ[5]
	set_instance_assignment -name IO_STANDARD "SSTL-15 CLASS I" -to HPS_DDR3_DQ[6]
	set_instance_assignment -name IO_STANDARD "SSTL-15 CLASS I" -to HPS_DDR3_DQ[7]
	set_instance_assignment -name IO_STANDARD "SSTL-15 CLASS I" -to HPS_DDR3_DQ[8]
	set_instance_assignment -name IO_STANDARD "SSTL-15 CLASS I" -to HPS_DDR3_DQ[9]
	set_instance_assignment -name IO_STANDARD "SSTL-15 CLASS I" -to HPS_DDR3_DQ[10]
	set_instance_assignment -name IO_STANDARD "SSTL-15 CLASS I" -to HPS_DDR3_DQ[11]
	set_instance_assignment -name IO_STANDARD "SSTL-15 CLASS I" -to HPS_DDR3_DQ[12]
	set_instance_assignment -name IO_STANDARD "SSTL-15 CLASS I" -to HPS_DDR3_DQ[13]
	set_instance_assignment -name IO_STANDARD "SSTL-15 CLASS I" -to HPS_DDR3_DQ[14]
	set_instance_assignment -name IO_STANDARD "SSTL-15 CLASS I" -to HPS_DDR3_DQ[15]
	set_instance_assignment -name IO_STANDARD "SSTL-15 CLASS I" -to HPS_DDR3_DQ[16]
	set_instance_assignment -name IO_STANDARD "SSTL-15 CLASS I" -to HPS_DDR3_DQ[17]
	set_instance_assignment -name IO_STANDARD "SSTL-15 CLASS I" -to HPS_DDR3_DQ[18]
	set_instance_assignment -name IO_STANDARD "SSTL-15 CLASS I" -to HPS_DDR3_DQ[19]
	set_instance_assignment -name IO_STANDARD "SSTL-15 CLASS I" -to HPS_DDR3_DQ[20]
	set_instance_assignment -name IO_STANDARD "SSTL-15 CLASS I" -to HPS_DDR3_DQ[21]
	set_instance_assignment -name IO_STANDARD "SSTL-15 CLASS I" -to HPS_DDR3_DQ[22]
	set_instance_assignment -name IO_STANDARD "SSTL-15 CLASS I" -to HPS_DDR3_DQ[23]
	set_instance_assignment -name IO_STANDARD "SSTL-15 CLASS I" -to HPS_DDR3_DQ[24]
	set_instance_assignment -name IO_STANDARD "SSTL-15 CLASS I" -to HPS_DDR3_DQ[25]
	set_instance_assignment -name IO_STANDARD "SSTL-15 CLASS I" -to HPS_DDR3_DQ[26]
	set_instance_assignment -name IO_STANDARD "SSTL-15 CLASS I" -to HPS_DDR3_DQ[27]
	set_instance_assignment -name IO_STANDARD "SSTL-15 CLASS I" -to HPS_DDR3_DQ[28]
	set_instance_assignment -name IO_STANDARD "SSTL-15 CLASS I" -to HPS_DDR3_DQ[29]
	set_instance_assignment -name IO_STANDARD "SSTL-15 CLASS I" -to HPS_DDR3_DQ[30]
	set_instance_assignment -name IO_STANDARD "SSTL-15 CLASS I" -to HPS_DDR3_DQ[31]
	set_instance_assignment -name IO_STANDARD "DIFFERENTIAL 1.5-V SSTL CLASS I" -to HPS_DDR3_DQS_N[0]
	set_instance_assignment -name IO_STANDARD "DIFFERENTIAL 1.5-V SSTL CLASS I" -to HPS_DDR3_DQS_N[1]
	set_instance_assignment -name IO_STANDARD "DIFFERENTIAL 1.5-V SSTL CLASS I" -to HPS_DDR3_DQS_N[2]
	set_instance_assignment -name IO_STANDARD "DIFFERENTIAL 1.5-V SSTL CLASS I" -to HPS_DDR3_DQS_N[3]
	set_instance_assignment -name IO_STANDARD "DIFFERENTIAL 1.5-V SSTL CLASS I" -to HPS_DDR3_DQS_P[0]
	set_instance_assignment -name IO_STANDARD "DIFFERENTIAL 1.5-V SSTL CLASS I" -to HPS_DDR3_DQS_P[1]
	set_instance_assignment -name IO_STANDARD "DIFFERENTIAL 1.5-V SSTL CLASS I" -to HPS_DDR3_DQS_P[2]
	set_instance_assignment -name IO_STANDARD "DIFFERENTIAL 1.5-V SSTL CLASS I" -to HPS_DDR3_DQS_P[3]
	set_instance_assignment -name IO_STANDARD "SSTL-15 CLASS I" -to HPS_DDR3_ODT
	set_instance_assignment -name IO_STANDARD "SSTL-15 CLASS I" -to HPS_DDR3_RAS_N
	set_instance_assignment -name IO_STANDARD "SSTL-15 CLASS I" -to HPS_DDR3_RESET_N
	set_instance_assignment -name IO_STANDARD "SSTL-15 CLASS I" -to HPS_DDR3_RZQ
	set_instance_assignment -name IO_STANDARD "SSTL-15 CLASS I" -to HPS_DDR3_WE_N
	set_instance_assignment -name IO_STANDARD "3.3-V LVTTL" -to HPS_ENET_GTX_CLK
	set_instance_assignment -name IO_STANDARD "3.3-V LVTTL" -to HPS_ENET_INT_N
	set_instance_assignment -name IO_STANDARD "3.3-V LVTTL" -to HPS_ENET_MDC
	set_instance_assignment -name IO_STANDARD "3.3-V LVTTL" -to HPS_ENET_MDIO
	set_instance_assignment -name IO_STANDARD "3.3-V LVTTL" -to HPS_ENET_RX_CLK
	set_instance_assignment -name IO_STANDARD "3.3-V LVTTL" -to HPS_ENET_RX_DATA[0]
	set_instance_assignment -name IO_STANDARD "3.3-V LVTTL" -to HPS_ENET_RX_DATA[1]
	set_instance_assignment -name IO_STANDARD "3.3-V LVTTL" -to HPS_ENET_RX_DATA[2]
	set_instance_assignment -name IO_STANDARD "3.3-V LVTTL" -to HPS_ENET_RX_DATA[3]
	set_instance_assignment -name IO_STANDARD "3.3-V LVTTL" -to HPS_ENET_RX_DV
	set_instance_assignment -name IO_STANDARD "3.3-V LVTTL" -to HPS_ENET_TX_DATA[0]
	set_instance_assignment -name IO_STANDARD "3.3-V LVTTL" -to HPS_ENET_TX_DATA[1]
	set_instance_assignment -name IO_STANDARD "3.3-V LVTTL" -to HPS_ENET_TX_DATA[2]
	set_instance_assignment -name IO_STANDARD "3.3-V LVTTL" -to HPS_ENET_TX_DATA[3]
	set_instance_assignment -name IO_STANDARD "3.3-V LVTTL" -to HPS_ENET_TX_EN
	set_instance_assignment -name IO_STANDARD "3.3-V LVTTL" -to HPS_GSENSOR_INT
	set_instance_assignment -name IO_STANDARD "3.3-V LVTTL" -to HPS_I2C1_SCLK
	set_instance_assignment -name IO_STANDARD "3.3-V LVTTL" -to HPS_I2C1_SDAT
	set_instance_assignment -name IO_STANDARD "3.3-V LVTTL" -to HPS_KEY
	set_instance_assignment -name IO_STANDARD "3.3-V LVTTL" -to HPS_LED
	set_instance_assignment -name IO_STANDARD "3.3-V LVTTL" -to HPS_LTC_GPIO
	set_instance_assignment -name IO_STANDARD "3.3-V LVTTL" -to HPS_SD_CLK
	set_instance_assignment -name IO_STANDARD "3.3-V LVTTL" -to HPS_SD_CMD
	set_instance_assignment -name IO_STANDARD "3.3-V LVTTL" -to HPS_SD_DATA[0]
	set_instance_assignment -name IO_STANDARD "3.3-V LVTTL" -to HPS_SD_DATA[1]
	set_instance_assignment -name IO_STANDARD "3.3-V LVTTL" -to HPS_SD_DATA[2]
	set_instance_assignment -name IO_STANDARD "3.3-V LVTTL" -to HPS_SD_DATA[3]
	set_instance_assignment -name IO_STANDARD "3.3-V LVTTL" -to HPS_SPIM_CLK
	set_instance_assignment -name IO_STANDARD "3.3-V LVTTL" -to HPS_SPIM_MISO
	set_instance_assignment -name IO_STANDARD "3.3-V LVTTL" -to HPS_SPIM_MOSI
	set_instance_assignment -name IO_STANDARD "3.3-V LVTTL" -to HPS_SPIM_SS
	set_instance_assignment -name IO_STANDARD "3.3-V LVTTL" -to HPS_UART_RX
	set_instance_assignment -name IO_STANDARD "3.3-V LVTTL" -to HPS_UART_TX
	set_instance_assignment -name IO_STANDARD "3.3-V LVTTL" -to KEY[0]
	set_instance_assignment -name IO_STANDARD "3.3-V LVTTL" -to KEY[1]
	set_instance_assignment -name IO_STANDARD "3.3-V LVTTL" -to LED[0]
	set_instance_assignment -name IO_STANDARD "3.3-V LVTTL" -to LED[1]
	set_instance_assignment -name IO_STANDARD "3.3-V LVTTL" -to LED[2]
	set_instance_assignment -name IO_STANDARD "3.3-V LVTTL" -to LED[3]
	set_instance_assignment -name IO_STANDARD "3.3-V LVTTL" -to LED[4]
	set_instance_assignment -name IO_STANDARD "3.3-V LVTTL" -to LED[5]
	set_instance_assignment -name IO_STANDARD "3.3-V LVTTL" -to LED[6]
	set_instance_assignment -name IO_STANDARD "3.3-V LVTTL" -to LED[7]
	set_instance_assignment -name IO_STANDARD "3.3-V LVTTL" -to SW[0]
	set_instance_assignment -name IO_STANDARD "3.3-V LVTTL" -to SW[1]
	set_instance_assignment -name IO_STANDARD "3.3-V LVTTL" -to SW[2]
	set_instance_assignment -name IO_STANDARD "3.3-V LVTTL" -to SW[3]
	set_instance_assignment -name INPUT_TERMINATION "PARALLEL 50 OHM WITH CALIBRATION" -to HPS_DDR3_DQ[0]
	set_instance_assignment -name OUTPUT_TERMINATION "SERIES 50 OHM WITH CALIBRATION" -to HPS_DDR3_DQ[0]
	set_instance_assignment -name INPUT_TERMINATION "PARALLEL 50 OHM WITH CALIBRATION" -to HPS_DDR3_DQ[1]
	set_instance_assignment -name OUTPUT_TERMINATION "SERIES 50 OHM WITH CALIBRATION" -to HPS_DDR3_DQ[1]
	set_instance_assignment -name INPUT_TERMINATION "PARALLEL 50 OHM WITH CALIBRATION" -to HPS_DDR3_DQ[2]
	set_instance_assignment -name OUTPUT_TERMINATION "SERIES 50 OHM WITH CALIBRATION" -to HPS_DDR3_DQ[2]
	set_instance_assignment -name INPUT_TERMINATION "PARALLEL 50 OHM WITH CALIBRATION" -to HPS_DDR3_DQ[3]
	set_instance_assignment -name OUTPUT_TERMINATION "SERIES 50 OHM WITH CALIBRATION" -to HPS_DDR3_DQ[3]
	set_instance_assignment -name INPUT_TERMINATION "PARALLEL 50 OHM WITH CALIBRATION" -to HPS_DDR3_DQ[4]
	set_instance_assignment -name OUTPUT_TERMINATION "SERIES 50 OHM WITH CALIBRATION" -to HPS_DDR3_DQ[4]
	set_instance_assignment -name INPUT_TERMINATION "PARALLEL 50 OHM WITH CALIBRATION" -to HPS_DDR3_DQ[5]
	set_instance_assignment -name OUTPUT_TERMINATION "SERIES 50 OHM WITH CALIBRATION" -to HPS_DDR3_DQ[5]
	set_instance_assignment -name INPUT_TERMINATION "PARALLEL 50 OHM WITH CALIBRATION" -to HPS_DDR3_DQ[6]
	set_instance_assignment -name OUTPUT_TERMINATION "SERIES 50 OHM WITH CALIBRATION" -to HPS_DDR3_DQ[6]
	set_instance_assignment -name INPUT_TERMINATION "PARALLEL 50 OHM WITH CALIBRATION" -to HPS_DDR3_DQ[7]
	set_instance_assignment -name OUTPUT_TERMINATION "SERIES 50 OHM WITH CALIBRATION" -to HPS_DDR3_DQ[7]
	set_instance_assignment -name INPUT_TERMINATION "PARALLEL 50 OHM WITH CALIBRATION" -to HPS_DDR3_DQ[8]
	set_instance_assignment -name OUTPUT_TERMINATION "SERIES 50 OHM WITH CALIBRATION" -to HPS_DDR3_DQ[8]
	set_instance_assignment -name INPUT_TERMINATION "PARALLEL 50 OHM WITH CALIBRATION" -to HPS_DDR3_DQ[9]
	set_instance_assignment -name OUTPUT_TERMINATION "SERIES 50 OHM WITH CALIBRATION" -to HPS_DDR3_DQ[9]
	set_instance_assignment -name INPUT_TERMINATION "PARALLEL 50 OHM WITH CALIBRATION" -to HPS_DDR3_DQ[10]
	set_instance_assignment -name OUTPUT_TERMINATION "SERIES 50 OHM WITH CALIBRATION" -to HPS_DDR3_DQ[10]
	set_instance_assignment -name INPUT_TERMINATION "PARALLEL 50 OHM WITH CALIBRATION" -to HPS_DDR3_DQ[11]
	set_instance_assignment -name OUTPUT_TERMINATION "SERIES 50 OHM WITH CALIBRATION" -to HPS_DDR3_DQ[11]
	set_instance_assignment -name INPUT_TERMINATION "PARALLEL 50 OHM WITH CALIBRATION" -to HPS_DDR3_DQ[12]
	set_instance_assignment -name OUTPUT_TERMINATION "SERIES 50 OHM WITH CALIBRATION" -to HPS_DDR3_DQ[12]
	set_instance_assignment -name INPUT_TERMINATION "PARALLEL 50 OHM WITH CALIBRATION" -to HPS_DDR3_DQ[13]
	set_instance_assignment -name OUTPUT_TERMINATION "SERIES 50 OHM WITH CALIBRATION" -to HPS_DDR3_DQ[13]
	set_instance_assignment -name INPUT_TERMINATION "PARALLEL 50 OHM WITH CALIBRATION" -to HPS_DDR3_DQ[14]
	set_instance_assignment -name OUTPUT_TERMINATION "SERIES 50 OHM WITH CALIBRATION" -to HPS_DDR3_DQ[14]
	set_instance_assignment -name INPUT_TERMINATION "PARALLEL 50 OHM WITH CALIBRATION" -to HPS_DDR3_DQ[15]
	set_instance_assignment -name OUTPUT_TERMINATION "SERIES 50 OHM WITH CALIBRATION" -to HPS_DDR3_DQ[15]
	set_instance_assignment -name INPUT_TERMINATION "PARALLEL 50 OHM WITH CALIBRATION" -to HPS_DDR3_DQ[16]
	set_instance_assignment -name OUTPUT_TERMINATION "SERIES 50 OHM WITH CALIBRATION" -to HPS_DDR3_DQ[16]
	set_instance_assignment -name INPUT_TERMINATION "PARALLEL 50 OHM WITH CALIBRATION" -to HPS_DDR3_DQ[17]
	set_instance_assignment -name OUTPUT_TERMINATION "SERIES 50 OHM WITH CALIBRATION" -to HPS_DDR3_DQ[17]
	set_instance_assignment -name INPUT_TERMINATION "PARALLEL 50 OHM WITH CALIBRATION" -to HPS_DDR3_DQ[18]
	set_instance_assignment -name OUTPUT_TERMINATION "SERIES 50 OHM WITH CALIBRATION" -to HPS_DDR3_DQ[18]
	set_instance_assignment -name INPUT_TERMINATION "PARALLEL 50 OHM WITH CALIBRATION" -to HPS_DDR3_DQ[19]
	set_instance_assignment -name OUTPUT_TERMINATION "SERIES 50 OHM WITH CALIBRATION" -to HPS_DDR3_DQ[19]
	set_instance_assignment -name INPUT_TERMINATION "PARALLEL 50 OHM WITH CALIBRATION" -to HPS_DDR3_DQ[20]
	set_instance_assignment -name OUTPUT_TERMINATION "SERIES 50 OHM WITH CALIBRATION" -to HPS_DDR3_DQ[20]
	set_instance_assignment -name INPUT_TERMINATION "PARALLEL 50 OHM WITH CALIBRATION" -to HPS_DDR3_DQ[21]
	set_instance_assignment -name OUTPUT_TERMINATION "SERIES 50 OHM WITH CALIBRATION" -to HPS_DDR3_DQ[21]
	set_instance_assignment -name INPUT_TERMINATION "PARALLEL 50 OHM WITH CALIBRATION" -to HPS_DDR3_DQ[22]
	set_instance_assignment -name OUTPUT_TERMINATION "SERIES 50 OHM WITH CALIBRATION" -to HPS_DDR3_DQ[22]
	set_instance_assignment -name INPUT_TERMINATION "PARALLEL 50 OHM WITH CALIBRATION" -to HPS_DDR3_DQ[23]
	set_instance_assignment -name OUTPUT_TERMINATION "SERIES 50 OHM WITH CALIBRATION" -to HPS_DDR3_DQ[23]
	set_instance_assignment -name INPUT_TERMINATION "PARALLEL 50 OHM WITH CALIBRATION" -to HPS_DDR3_DQ[24]
	set_instance_assignment -name OUTPUT_TERMINATION "SERIES 50 OHM WITH CALIBRATION" -to HPS_DDR3_DQ[24]
	set_instance_assignment -name INPUT_TERMINATION "PARALLEL 50 OHM WITH CALIBRATION" -to HPS_DDR3_DQ[25]
	set_instance_assignment -name OUTPUT_TERMINATION "SERIES 50 OHM WITH CALIBRATION" -to HPS_DDR3_DQ[25]
	set_instance_assignment -name INPUT_TERMINATION "PARALLEL 50 OHM WITH CALIBRATION" -to HPS_DDR3_DQ[26]
	set_instance_assignment -name OUTPUT_TERMINATION "SERIES 50 OHM WITH CALIBRATION" -to HPS_DDR3_DQ[26]
	set_instance_assignment -name INPUT_TERMINATION "PARALLEL 50 OHM WITH CALIBRATION" -to HPS_DDR3_DQ[27]
	set_instance_assignment -name OUTPUT_TERMINATION "SERIES 50 OHM WITH CALIBRATION" -to HPS_DDR3_DQ[27]
	set_instance_assignment -name INPUT_TERMINATION "PARALLEL 50 OHM WITH CALIBRATION" -to HPS_DDR3_DQ[28]
	set_instance_assignment -name OUTPUT_TERMINATION "SERIES 50 OHM WITH CALIBRATION" -to HPS_DDR3_DQ[28]
	set_instance_assignment -name INPUT_TERMINATION "PARALLEL 50 OHM WITH CALIBRATION" -to HPS_DDR3_DQ[29]
	set_instance_assignment -name OUTPUT_TERMINATION "SERIES 50 OHM WITH CALIBRATION" -to HPS_DDR3_DQ[29]
	set_instance_assignment -name INPUT_TERMINATION "PARALLEL 50 OHM WITH CALIBRATION" -to HPS_DDR3_DQ[30]
	set_instance_assignment -name OUTPUT_TERMINATION "SERIES 50 OHM WITH CALIBRATION" -to HPS_DDR3_DQ[30]
	set_instance_assignment -name INPUT_TERMINATION "PARALLEL 50 OHM WITH CALIBRATION" -to HPS_DDR3_DQ[31]
	set_instance_assignment -name OUTPUT_TERMINATION "SERIES 50 OHM WITH CALIBRATION" -to HPS_DDR3_DQ[31]
	set_instance_assignment -name INPUT_TERMINATION "PARALLEL 50 OHM WITH CALIBRATION" -to HPS_DDR3_DQS_P[0]
	set_instance_assignment -name OUTPUT_TERMINATION "SERIES 50 OHM WITH CALIBRATION" -to HPS_DDR3_DQS_P[0]
	set_instance_assignment -name INPUT_TERMINATION "PARALLEL 50 OHM WITH CALIBRATION" -to HPS_DDR3_DQS_P[1]
	set_instance_assignment -name OUTPUT_TERMINATION "SERIES 50 OHM WITH CALIBRATION" -to HPS_DDR3_DQS_P[1]
	set_instance_assignment -name INPUT_TERMINATION "PARALLEL 50 OHM WITH CALIBRATION" -to HPS_DDR3_DQS_P[2]
	set_instance_assignment -name OUTPUT_TERMINATION "SERIES 50 OHM WITH CALIBRATION" -to HPS_DDR3_DQS_P[2]
	set_instance_assignment -name INPUT_TERMINATION "PARALLEL 50 OHM WITH CALIBRATION" -to HPS_DDR3_DQS_P[3]
	set_instance_assignment -name OUTPUT_TERMINATION "SERIES 50 OHM WITH CALIBRATION" -to HPS_DDR3_DQS_P[3]
	set_instance_assignment -name INPUT_TERMINATION "PARALLEL 50 OHM WITH CALIBRATION" -to HPS_DDR3_DQS_N[0]
	set_instance_assignment -name OUTPUT_TERMINATION "SERIES 50 OHM WITH CALIBRATION" -to HPS_DDR3_DQS_N[0]
	set_instance_assignment -name INPUT_TERMINATION "PARALLEL 50 OHM WITH CALIBRATION" -to HPS_DDR3_DQS_N[1]
	set_instance_assignment -name OUTPUT_TERMINATION "SERIES 50 OHM WITH CALIBRATION" -to HPS_DDR3_DQS_N[1]
	set_instance_assignment -name INPUT_TERMINATION "PARALLEL 50 OHM WITH CALIBRATION" -to HPS_DDR3_DQS_N[2]
	set_instance_assignment -name OUTPUT_TERMINATION "SERIES 50 OHM WITH CALIBRATION" -to HPS_DDR3_DQS_N[2]
	set_instance_assignment -name INPUT_TERMINATION "PARALLEL 50 OHM WITH CALIBRATION" -to HPS_DDR3_DQS_N[3]
	set_instance_assignment -name OUTPUT_TERMINATION "SERIES 50 OHM WITH CALIBRATION" -to HPS_DDR3_DQS_N[3]
	set_instance_assignment -name OUTPUT_TERMINATION "SERIES 50 OHM WITHOUT CALIBRATION" -to HPS_DDR3_CK_P
	set_instance_assignment -name D5_DELAY 2 -to HPS_DDR3_CK_P
	set_instance_assignment -name OUTPUT_TERMINATION "SERIES 50 OHM WITHOUT CALIBRATION" -to HPS_DDR3_CK_N
	set_instance_assignment -name D5_DELAY 2 -to HPS_DDR3_CK_N
	set_instance_assignment -name CURRENT_STRENGTH_NEW "MAXIMUM CURRENT" -to HPS_DDR3_ADDR[0]
	set_instance_assignment -name CURRENT_STRENGTH_NEW "MAXIMUM CURRENT" -to HPS_DDR3_ADDR[10]
	set_instance_assignment -name CURRENT_STRENGTH_NEW "MAXIMUM CURRENT" -to HPS_DDR3_ADDR[11]
	set_instance_assignment -name CURRENT_STRENGTH_NEW "MAXIMUM CURRENT" -to HPS_DDR3_ADDR[12]
	set_instance_assignment -name CURRENT_STRENGTH_NEW "MAXIMUM CURRENT" -to HPS_DDR3_ADDR[13]
	set_instance_assignment -name CURRENT_STRENGTH_NEW "MAXIMUM CURRENT" -to HPS_DDR3_ADDR[14]
	set_instance_assignment -name CURRENT_STRENGTH_NEW "MAXIMUM CURRENT" -to HPS_DDR3_ADDR[1]
	set_instance_assignment -name CURRENT_STRENGTH_NEW "MAXIMUM CURRENT" -to HPS_DDR3_ADDR[2]
	set_instance_assignment -name CURRENT_STRENGTH_NEW "MAXIMUM CURRENT" -to HPS_DDR3_ADDR[3]
	set_instance_assignment -name CURRENT_STRENGTH_NEW "MAXIMUM CURRENT" -to HPS_DDR3_ADDR[4]
	set_instance_assignment -name CURRENT_STRENGTH_NEW "MAXIMUM CURRENT" -to HPS_DDR3_ADDR[5]
	set_instance_assignment -name CURRENT_STRENGTH_NEW "MAXIMUM CURRENT" -to HPS_DDR3_ADDR[6]
	set_instance_assignment -name CURRENT_STRENGTH_NEW "MAXIMUM CURRENT" -to HPS_DDR3_ADDR[7]
	set_instance_assignment -name CURRENT_STRENGTH_NEW "MAXIMUM CURRENT" -to HPS_DDR3_ADDR[8]
	set_instance_assignment -name CURRENT_STRENGTH_NEW "MAXIMUM CURRENT" -to HPS_DDR3_ADDR[9]
	set_instance_assignment -name CURRENT_STRENGTH_NEW "MAXIMUM CURRENT" -to HPS_DDR3_BA[0]
	set_instance_assignment -name CURRENT_STRENGTH_NEW "MAXIMUM CURRENT" -to HPS_DDR3_BA[1]
	set_instance_assignment -name CURRENT_STRENGTH_NEW "MAXIMUM CURRENT" -to HPS_DDR3_BA[2]
	set_instance_assignment -name CURRENT_STRENGTH_NEW "MAXIMUM CURRENT" -to HPS_DDR3_CAS_N
	set_instance_assignment -name CURRENT_STRENGTH_NEW "MAXIMUM CURRENT" -to HPS_DDR3_CKE
	set_instance_assignment -name CURRENT_STRENGTH_NEW "MAXIMUM CURRENT" -to HPS_DDR3_CS_N
	set_instance_assignment -name CURRENT_STRENGTH_NEW "MAXIMUM CURRENT" -to HPS_DDR3_ODT
	set_instance_assignment -name CURRENT_STRENGTH_NEW "MAXIMUM CURRENT" -to HPS_DDR3_RAS_N
	set_instance_assignment -name CURRENT_STRENGTH_NEW "MAXIMUM CURRENT" -to HPS_DDR3_WE_N
	set_instance_assignment -name CURRENT_STRENGTH_NEW "MAXIMUM CURRENT" -to HPS_DDR3_RESET_N
	set_instance_assignment -name OUTPUT_TERMINATION "SERIES 50 OHM WITH CALIBRATION" -to HPS_DDR3_DM[0]
	set_instance_assignment -name OUTPUT_TERMINATION "SERIES 50 OHM WITH CALIBRATION" -to HPS_DDR3_DM[1]
	set_instance_assignment -name OUTPUT_TERMINATION "SERIES 50 OHM WITH CALIBRATION" -to HPS_DDR3_DM[2]
	set_instance_assignment -name OUTPUT_TERMINATION "SERIES 50 OHM WITH CALIBRATION" -to HPS_DDR3_DM[3]
	set_instance_assignment -name IO_STANDARD "3.3-V LVTTL" -to TPA6130_i2c_SCL
	set_instance_assignment -name IO_STANDARD "3.3-V LVTTL" -to AD1939_spi_COUT
	set_instance_assignment -name IO_STANDARD "3.3-V LVTTL" -to AD1939_spi_CLATCH_n
	set_instance_assignment -name IO_STANDARD "3.3-V LVTTL" -to AD1939_spi_CIN
	set_instance_assignment -name IO_STANDARD "3.3-V LVTTL" -to AD1939_spi_CCLK
	set_instance_assignment -name IO_STANDARD "3.3-V LVTTL" -to AD1939_RST_CODEC_n
	set_instance_assignment -name IO_STANDARD "3.3-V LVTTL" -to AD1939_MCLK
	set_instance_assignment -name IO_STANDARD "3.3-V LVTTL" -to AD1939_DAC_DSDATA1
	set_instance_assignment -name IO_STANDARD "3.3-V LVTTL" -to AD1939_DAC_DLRCLK
	set_instance_assignment -name IO_STANDARD "3.3-V LVTTL" -to AD1939_DAC_DBCLK
	set_instance_assignment -name IO_STANDARD "3.3-V LVTTL" -to AD1939_ADC_ALRCLK
	set_instance_assignment -name IO_STANDARD "3.3-V LVTTL" -to AD1939_ADC_ASDATA2
	set_instance_assignment -name IO_STANDARD "3.3-V LVTTL" -to AD1939_ADC_ABCLK
	set_instance_assignment -name IO_STANDARD "3.3-V LVTTL" -to Audio_Mini_LEDs[3]
	set_instance_assignment -name IO_STANDARD "3.3-V LVTTL" -to Audio_Mini_LEDs[2]
	set_instance_assignment -name IO_STANDARD "3.3-V LVTTL" -to Audio_Mini_LEDs[1]
	set_instance_assignment -name IO_STANDARD "3.3-V LVTTL" -to Audio_Mini_LEDs[0]
	set_instance_assignment -name IO_STANDARD "3.3-V LVTTL" -to Audio_Mini_LEDs
	set_instance_assignment -name IO_STANDARD "3.3-V LVTTL" -to Audio_Mini_SWITCHES[3]
	set_instance_assignment -name IO_STANDARD "3.3-V LVTTL" -to Audio_Mini_SWITCHES[2]
	set_instance_assignment -name IO_STANDARD "3.3-V LVTTL" -to Audio_Mini_SWITCHES[1]
	set_instance_assignment -name IO_STANDARD "3.3-V LVTTL" -to Audio_Mini_SWITCHES[0]
	set_instance_assignment -name IO_STANDARD "3.3-V LVTTL" -to Audio_Mini_SWITCHES
	set_instance_assignment -name IO_STANDARD "3.3-V LVTTL" -to INMP621_mic_CLK
	set_instance_assignment -name IO_STANDARD "3.3-V LVTTL" -to INMP621_mic_DATA
	set_instance_assignment -name IO_STANDARD "3.3-V LVTTL" -to TPA6130_i2c_SDA
	set_instance_assignment -name IO_STANDARD "3.3-V LVTTL" -to TPA6130_power_off
	set_instance_assignment -name IO_STANDARD "3.3-V LVTTL" -to HPS_USB_CLKOUT
	set_instance_assignment -name IO_STANDARD "3.3-V LVTTL" -to HPS_USB_DATA[0]
	set_instance_assignment -name IO_STANDARD "3.3-V LVTTL" -to HPS_USB_DATA[1]
	set_instance_assignment -name IO_STANDARD "3.3-V LVTTL" -to HPS_USB_DATA[2]
	set_instance_assignment -name IO_STANDARD "3.3-V LVTTL" -to HPS_USB_NXT
	set_instance_assignment -name IO_STANDARD "3.3-V LVTTL" -to HPS_USB_STP
	set_instance_assignment -name IO_STANDARD "3.3-V LVTTL" -to HPS_USB_DATA[3]
	set_instance_assignment -name IO_STANDARD "3.3-V LVTTL" -to HPS_USB_DIR
	set_instance_assignment -name IO_STANDARD "3.3-V LVTTL" -to HPS_USB_DATA[4]
	set_instance_assignment -name IO_STANDARD "3.3-V LVTTL" -to HPS_USB_DATA[5]
	set_instance_assignment -name IO_STANDARD "3.3-V LVTTL" -to HPS_USB_DATA[6]
	set_instance_assignment -name IO_STANDARD "3.3-V LVTTL" -to HPS_USB_DATA[7]
	set_instance_assignment -name IO_STANDARD "3.3-V LVTTL" -to HPS_USB_DATA

	# start DESIGN_PARTITION(Top)
	# ---------------------------

		# Incremental Compilation Assignments
		# ===================================
		set_global_assignment -name PARTITION_NETLIST_TYPE SOURCE -section_id Top
		set_global_assignment -name PARTITION_FITTER_PRESERVATION_LEVEL PLACEMENT_AND_ROUTING -section_id Top
		set_global_assignment -name PARTITION_COLOR 16764057 -section_id Top
		set_instance_assignment -name PARTITION_HIERARCHY root_partition -to | -section_id Top

	# end DESIGN_PARTITION(Top)
	# -------------------------

# end ENTITY(DE10Nano_AudioMini_System)
# -------------------------------------

# -----------------------------------
# start ENTITY(ad1939_hps_audio_mini)

	# Project-Wide Assignments
	# ========================

# end ENTITY(ad1939_hps_audio_mini)
# ---------------------------------

# -----------------------------------
# start ENTITY(altera_avalon_sc_fifo)

	# Project-Wide Assignments
	# ========================

# end ENTITY(altera_avalon_sc_fifo)
# ---------------------------------

# ------------------------------------------------------
# start ENTITY(altera_avalon_st_handshake_clock_crosser)

	# Project-Wide Assignments
	# ========================

# end ENTITY(altera_avalon_st_handshake_clock_crosser)
# ----------------------------------------------------

# -----------------------------------------
# start ENTITY(altera_merlin_axi_master_ni)

	# Project-Wide Assignments
	# ========================

# end ENTITY(altera_merlin_axi_master_ni)
# ---------------------------------------

# -----------------------------------------
# start ENTITY(altera_merlin_burst_adapter)

	# Project-Wide Assignments
	# ========================

# end ENTITY(altera_merlin_burst_adapter)
# ---------------------------------------

# ---------------------------------------
# start ENTITY(altera_merlin_slave_agent)

	# Project-Wide Assignments
	# ========================

# end ENTITY(altera_merlin_slave_agent)
# -------------------------------------

# --------------------------------------------
# start ENTITY(altera_merlin_slave_translator)

	# Project-Wide Assignments
	# ========================

# end ENTITY(altera_merlin_slave_translator)
# ------------------------------------------

# -------------------------------------------
# start ENTITY(altera_merlin_traffic_limiter)

	# Project-Wide Assignments
	# ========================

# end ENTITY(altera_merlin_traffic_limiter)
# -----------------------------------------

# -------------------------------------
# start ENTITY(altera_reset_controller)

	# Project-Wide Assignments
	# ========================

# end ENTITY(altera_reset_controller)
# -----------------------------------

# ----------------------------------
# start ENTITY(convolutionProcessor)

	# Project-Wide Assignments
	# ========================

# end ENTITY(convolutionProcessor)
# --------------------------------

# ------------------------
# start ENTITY(soc_system)

	# Project-Wide Assignments
	# ========================

	# Signal Tap Assignments
	# ======================

# end ENTITY(soc_system)
# ----------------------

# -----------------------------------------
# start ENTITY(soc_system_ad1939_subsystem)

	# Project-Wide Assignments
	# ========================

# end ENTITY(soc_system_ad1939_subsystem)
# ---------------------------------------

# ----------------------------------------------------------------------
# start ENTITY(soc_system_ad1939_subsystem_sys_clk_from_ad1939_mclk_pll)

	# Project-Wide Assignments
	# ========================

# end ENTITY(soc_system_ad1939_subsystem_sys_clk_from_ad1939_mclk_pll)
# --------------------------------------------------------------------

# -----------------------------------------
# start ENTITY(soc_system_clk_reset_inputs)

	# Project-Wide Assignments
	# ========================

# end ENTITY(soc_system_clk_reset_inputs)
# ---------------------------------------

# ----------------------------
# start ENTITY(soc_system_hps)

	# Project-Wide Assignments
	# ========================

	# Pin & Location Assignments
	# ==========================

# end ENTITY(soc_system_hps)
# --------------------------

# --------------------------------------------
# start ENTITY(soc_system_hps_fpga_interfaces)

	# Project-Wide Assignments
	# ========================

	# Pin & Location Assignments
	# ==========================

# end ENTITY(soc_system_hps_fpga_interfaces)
# ------------------------------------------

# -----------------------------------
# start ENTITY(soc_system_hps_hps_io)

	# Project-Wide Assignments
	# ========================

# end ENTITY(soc_system_hps_hps_io)
# ---------------------------------

# ------------------------------------------
# start ENTITY(soc_system_hps_hps_io_border)

	# Project-Wide Assignments
	# ========================

	# Pin & Location Assignments
	# ==========================

# end ENTITY(soc_system_hps_hps_io_border)
# ----------------------------------------

# ------------------------------------------
# start ENTITY(soc_system_mm_interconnect_0)

	# Project-Wide Assignments
	# ========================

# end ENTITY(soc_system_mm_interconnect_0)
# ----------------------------------------

# ------------------------------------------------------------
# start ENTITY(soc_system_mm_interconnect_0_avalon_st_adapter)

	# Project-Wide Assignments
	# ========================

# end ENTITY(soc_system_mm_interconnect_0_avalon_st_adapter)
# ----------------------------------------------------------

# ----------------------------------------------------------------------------
# start ENTITY(soc_system_mm_interconnect_0_avalon_st_adapter_error_adapter_0)

	# Project-Wide Assignments
	# ========================

# end ENTITY(soc_system_mm_interconnect_0_avalon_st_adapter_error_adapter_0)
# --------------------------------------------------------------------------

# ----------------------------------------------------
# start ENTITY(soc_system_mm_interconnect_0_cmd_demux)

	# Project-Wide Assignments
	# ========================

# end ENTITY(soc_system_mm_interconnect_0_cmd_demux)
# --------------------------------------------------

# --------------------------------------------------
# start ENTITY(soc_system_mm_interconnect_0_cmd_mux)

	# Project-Wide Assignments
	# ========================

# end ENTITY(soc_system_mm_interconnect_0_cmd_mux)
# ------------------------------------------------

# -------------------------------------------------
# start ENTITY(soc_system_mm_interconnect_0_router)

	# Project-Wide Assignments
	# ========================

# end ENTITY(soc_system_mm_interconnect_0_router)
# -----------------------------------------------

# -----------------------------------------------------
# start ENTITY(soc_system_mm_interconnect_0_router_002)

	# Project-Wide Assignments
	# ========================

# end ENTITY(soc_system_mm_interconnect_0_router_002)
# ---------------------------------------------------

# ----------------------------------------------------
# start ENTITY(soc_system_mm_interconnect_0_rsp_demux)

	# Project-Wide Assignments
	# ========================

# end ENTITY(soc_system_mm_interconnect_0_rsp_demux)
# --------------------------------------------------

# --------------------------------------------------------
# start ENTITY(soc_system_mm_interconnect_0_rsp_demux_001)

	# Project-Wide Assignments
	# ========================

# end ENTITY(soc_system_mm_interconnect_0_rsp_demux_001)
# ------------------------------------------------------

# --------------------------------------------------
# start ENTITY(soc_system_mm_interconnect_0_rsp_mux)

	# Project-Wide Assignments
	# ========================

# end ENTITY(soc_system_mm_interconnect_0_rsp_mux)
# ------------------------------------------------

# ----------------------------------
# start ENTITY(soc_system_system_id)

	# Project-Wide Assignments
	# ========================

# end ENTITY(soc_system_system_id)
# --------------------------------